
Microsoft Visual Studio Solution File, Format Version 12.00
# Visual Studio Version 16
VisualStudioVersion = 16.0.30611.23
MinimumVisualStudioVersion = 10.0.40219.1
Project("{FAE04EC0-301F-11D3-BF4B-00C04F79EFBC}") = "VisitorsTracker", "VisitorsTracker\VisitorsTracker.csproj", "{004DA3C8-A27E-4D1E-8986-F4939B330AE5}"
EndProject
Project("{FAE04EC0-301F-11D3-BF4B-00C04F79EFBC}") = "VisitorsTracker.Core", "VisitorsTracker.Core\VisitorsTracker.Core.csproj", "{513A9477-30EE-4955-AB21-ADD7DA579E9F}"
EndProject
Project("{FAE04EC0-301F-11D3-BF4B-00C04F79EFBC}") = "VisitorsTracker.Db", "VisitorsTracker.Db\VisitorsTracker.Db.csproj", "{3D54B574-E14F-4CA4-A3F6-346D7E9DCE93}"
EndProject
Global
	GlobalSection(SolutionConfigurationPlatforms) = preSolution
		Debug|Any CPU = Debug|Any CPU
		Release|Any CPU = Release|Any CPU
	EndGlobalSection
	GlobalSection(ProjectConfigurationPlatforms) = postSolution
		{004DA3C8-A27E-4D1E-8986-F4939B330AE5}.Debug|Any CPU.ActiveCfg = Debug|Any CPU
		{004DA3C8-A27E-4D1E-8986-F4939B330AE5}.Debug|Any CPU.Build.0 = Debug|Any CPU
		{004DA3C8-A27E-4D1E-8986-F4939B330AE5}.Release|Any CPU.ActiveCfg = Release|Any CPU
		{004DA3C8-A27E-4D1E-8986-F4939B330AE5}.Release|Any CPU.Build.0 = Release|Any CPU
		{513A9477-30EE-4955-AB21-ADD7DA579E9F}.Debug|Any CPU.ActiveCfg = Debug|Any CPU
		{513A9477-30EE-4955-AB21-ADD7DA579E9F}.Debug|Any CPU.Build.0 = Debug|Any CPU
		{513A9477-30EE-4955-AB21-ADD7DA579E9F}.Release|Any CPU.ActiveCfg = Release|Any CPU
		{513A9477-30EE-4955-AB21-ADD7DA579E9F}.Release|Any CPU.Build.0 = Release|Any CPU
		{3D54B574-E14F-4CA4-A3F6-346D7E9DCE93}.Debug|Any CPU.ActiveCfg = Debug|Any CPU
		{3D54B574-E14F-4CA4-A3F6-346D7E9DCE93}.Debug|Any CPU.Build.0 = Debug|Any CPU
		{3D54B574-E14F-4CA4-A3F6-346D7E9DCE93}.Release|Any CPU.ActiveCfg = Release|Any CPU
		{3D54B574-E14F-4CA4-A3F6-346D7E9DCE93}.Release|Any CPU.Build.0 = Release|Any CPU
	EndGlobalSection
	GlobalSection(SolutionProperties) = preSolution
		HideSolutionNode = FALSE
	EndGlobalSection
	GlobalSection(ExtensibilityGlobals) = postSolution
		SolutionGuid = {828C977A-181D-405B-8F71-E8AF65FFF7D2}
	EndGlobalSection
EndGlobal
